// !$*UTF8*$!
{
	archiveVersion = 1;
	classes = {
	};
	objectVersion = 56;
	objects = {

/* Begin PBXBuildFile section */
		12BDABFC2AEAB2A70004FAF6 /* NewsViewApp.swift in Sources */ = {isa = PBXBuildFile; fileRef = 12BDABFB2AEAB2A70004FAF6 /* NewsViewApp.swift */; };
		12BDABFE2AEAB2A70004FAF6 /* ContentView.swift in Sources */ = {isa = PBXBuildFile; fileRef = 12BDABFD2AEAB2A70004FAF6 /* ContentView.swift */; };
		12BDAC002AEAB2AB0004FAF6 /* Assets.xcassets in Resources */ = {isa = PBXBuildFile; fileRef = 12BDABFF2AEAB2AB0004FAF6 /* Assets.xcassets */; };
		12BDAC032AEAB2AB0004FAF6 /* Preview Assets.xcassets in Resources */ = {isa = PBXBuildFile; fileRef = 12BDAC022AEAB2AB0004FAF6 /* Preview Assets.xcassets */; };
		12BDAC0A2AEAB68F0004FAF6 /* newsapi.json in Resources */ = {isa = PBXBuildFile; fileRef = 12BDAC092AEAB68F0004FAF6 /* newsapi.json */; };
		12BDAC0C2AEAB6C80004FAF6 /* NewsModel.swift in Sources */ = {isa = PBXBuildFile; fileRef = 12BDAC0B2AEAB6C80004FAF6 /* NewsModel.swift */; };
		12BDAC112AEAB7F40004FAF6 /* NewsViewModel.swift in Sources */ = {isa = PBXBuildFile; fileRef = 12BDAC102AEAB7F40004FAF6 /* NewsViewModel.swift */; };
		12BDAC142AEAB9E20004FAF6 /* Extensions.swift in Sources */ = {isa = PBXBuildFile; fileRef = 12BDAC132AEAB9E20004FAF6 /* Extensions.swift */; };
		12BDAC162AEABA270004FAF6 /* Colors.swift in Sources */ = {isa = PBXBuildFile; fileRef = 12BDAC152AEABA270004FAF6 /* Colors.swift */; };
		12BDAC192AEB47C20004FAF6 /* NewsAPI.swift in Sources */ = {isa = PBXBuildFile; fileRef = 12BDAC182AEB47C20004FAF6 /* NewsAPI.swift */; };
		12BDAC1B2AEB4A770004FAF6 /* NewsView.swift in Sources */ = {isa = PBXBuildFile; fileRef = 12BDAC1A2AEB4A770004FAF6 /* NewsView.swift */; };
		12BDAC1D2AEB569A0004FAF6 /* Dimensions.swift in Sources */ = {isa = PBXBuildFile; fileRef = 12BDAC1C2AEB569A0004FAF6 /* Dimensions.swift */; };
		12BDAC212AEB68070004FAF6 /* ExploreView.swift in Sources */ = {isa = PBXBuildFile; fileRef = 12BDAC202AEB68070004FAF6 /* ExploreView.swift */; };
		12BDAC232AEB68800004FAF6 /* FavoritesView.swift in Sources */ = {isa = PBXBuildFile; fileRef = 12BDAC222AEB68800004FAF6 /* FavoritesView.swift */; };
		12BDAC252AEC5A990004FAF6 /* ExploreViewModel.swift in Sources */ = {isa = PBXBuildFile; fileRef = 12BDAC242AEC5A990004FAF6 /* ExploreViewModel.swift */; };
		12BDAC282AECCADA0004FAF6 /* SwiftDataModel.swift in Sources */ = {isa = PBXBuildFile; fileRef = 12BDAC272AECCADA0004FAF6 /* SwiftDataModel.swift */; };
		12BDAC2A2AECCF440004FAF6 /* NewsDetailsView.swift in Sources */ = {isa = PBXBuildFile; fileRef = 12BDAC292AECCF440004FAF6 /* NewsDetailsView.swift */; };
		12BDAC2D2AED215A0004FAF6 /* CustomTabView.swift in Sources */ = {isa = PBXBuildFile; fileRef = 12BDAC2C2AED215A0004FAF6 /* CustomTabView.swift */; };
		12BDAC2F2AEF0B620004FAF6 /* SwiftDataCRUD.swift in Sources */ = {isa = PBXBuildFile; fileRef = 12BDAC2E2AEF0B620004FAF6 /* SwiftDataCRUD.swift */; };
		12BDAC312AF057DD0004FAF6 /* FavoritesViewModel.swift in Sources */ = {isa = PBXBuildFile; fileRef = 12BDAC302AF057DD0004FAF6 /* FavoritesViewModel.swift */; };
/* End PBXBuildFile section */

/* Begin PBXFileReference section */
		12BDABF82AEAB2A70004FAF6 /* NewsView.app */ = {isa = PBXFileReference; explicitFileType = wrapper.application; includeInIndex = 0; path = NewsView.app; sourceTree = BUILT_PRODUCTS_DIR; };
		12BDABFB2AEAB2A70004FAF6 /* NewsViewApp.swift */ = {isa = PBXFileReference; lastKnownFileType = sourcecode.swift; path = NewsViewApp.swift; sourceTree = "<group>"; };
		12BDABFD2AEAB2A70004FAF6 /* ContentView.swift */ = {isa = PBXFileReference; lastKnownFileType = sourcecode.swift; path = ContentView.swift; sourceTree = "<group>"; };
		12BDABFF2AEAB2AB0004FAF6 /* Assets.xcassets */ = {isa = PBXFileReference; lastKnownFileType = folder.assetcatalog; path = Assets.xcassets; sourceTree = "<group>"; };
		12BDAC022AEAB2AB0004FAF6 /* Preview Assets.xcassets */ = {isa = PBXFileReference; lastKnownFileType = folder.assetcatalog; path = "Preview Assets.xcassets"; sourceTree = "<group>"; };
		12BDAC092AEAB68F0004FAF6 /* newsapi.json */ = {isa = PBXFileReference; fileEncoding = 4; lastKnownFileType = text.json; path = newsapi.json; sourceTree = "<group>"; };
		12BDAC0B2AEAB6C80004FAF6 /* NewsModel.swift */ = {isa = PBXFileReference; lastKnownFileType = sourcecode.swift; path = NewsModel.swift; sourceTree = "<group>"; };
		12BDAC102AEAB7F40004FAF6 /* NewsViewModel.swift */ = {isa = PBXFileReference; lastKnownFileType = sourcecode.swift; path = NewsViewModel.swift; sourceTree = "<group>"; };
		12BDAC132AEAB9E20004FAF6 /* Extensions.swift */ = {isa = PBXFileReference; lastKnownFileType = sourcecode.swift; path = Extensions.swift; sourceTree = "<group>"; };
		12BDAC152AEABA270004FAF6 /* Colors.swift */ = {isa = PBXFileReference; lastKnownFileType = sourcecode.swift; path = Colors.swift; sourceTree = "<group>"; };
		12BDAC182AEB47C20004FAF6 /* NewsAPI.swift */ = {isa = PBXFileReference; lastKnownFileType = sourcecode.swift; path = NewsAPI.swift; sourceTree = "<group>"; };
		12BDAC1A2AEB4A770004FAF6 /* NewsView.swift */ = {isa = PBXFileReference; lastKnownFileType = sourcecode.swift; path = NewsView.swift; sourceTree = "<group>"; };
		12BDAC1C2AEB569A0004FAF6 /* Dimensions.swift */ = {isa = PBXFileReference; lastKnownFileType = sourcecode.swift; path = Dimensions.swift; sourceTree = "<group>"; };
		12BDAC202AEB68070004FAF6 /* ExploreView.swift */ = {isa = PBXFileReference; lastKnownFileType = sourcecode.swift; path = ExploreView.swift; sourceTree = "<group>"; };
		12BDAC222AEB68800004FAF6 /* FavoritesView.swift */ = {isa = PBXFileReference; lastKnownFileType = sourcecode.swift; path = FavoritesView.swift; sourceTree = "<group>"; };
		12BDAC242AEC5A990004FAF6 /* ExploreViewModel.swift */ = {isa = PBXFileReference; lastKnownFileType = sourcecode.swift; path = ExploreViewModel.swift; sourceTree = "<group>"; };
		12BDAC272AECCADA0004FAF6 /* SwiftDataModel.swift */ = {isa = PBXFileReference; lastKnownFileType = sourcecode.swift; path = SwiftDataModel.swift; sourceTree = "<group>"; };
		12BDAC292AECCF440004FAF6 /* NewsDetailsView.swift */ = {isa = PBXFileReference; lastKnownFileType = sourcecode.swift; path = NewsDetailsView.swift; sourceTree = "<group>"; };
		12BDAC2C2AED215A0004FAF6 /* CustomTabView.swift */ = {isa = PBXFileReference; lastKnownFileType = sourcecode.swift; path = CustomTabView.swift; sourceTree = "<group>"; };
		12BDAC2E2AEF0B620004FAF6 /* SwiftDataCRUD.swift */ = {isa = PBXFileReference; lastKnownFileType = sourcecode.swift; path = SwiftDataCRUD.swift; sourceTree = "<group>"; };
		12BDAC302AF057DD0004FAF6 /* FavoritesViewModel.swift */ = {isa = PBXFileReference; lastKnownFileType = sourcecode.swift; path = FavoritesViewModel.swift; sourceTree = "<group>"; };
/* End PBXFileReference section */

/* Begin PBXFrameworksBuildPhase section */
		12BDABF52AEAB2A70004FAF6 /* Frameworks */ = {
			isa = PBXFrameworksBuildPhase;
			buildActionMask = 2147483647;
			files = (
			);
			runOnlyForDeploymentPostprocessing = 0;
		};
/* End PBXFrameworksBuildPhase section */

/* Begin PBXGroup section */
		12BDABEF2AEAB2A60004FAF6 = {
			isa = PBXGroup;
			children = (
				12BDABFA2AEAB2A70004FAF6 /* NewsView */,
				12BDABF92AEAB2A70004FAF6 /* Products */,
			);
			sourceTree = "<group>";
		};
		12BDABF92AEAB2A70004FAF6 /* Products */ = {
			isa = PBXGroup;
			children = (
				12BDABF82AEAB2A70004FAF6 /* NewsView.app */,
			);
			name = Products;
			sourceTree = "<group>";
		};
		12BDABFA2AEAB2A70004FAF6 /* NewsView */ = {
			isa = PBXGroup;
			children = (
				12BDAC2B2AED213C0004FAF6 /* customview */,
				12BDAC262AECCA210004FAF6 /* data */,
				12BDAC172AEB47B20004FAF6 /* api */,
				12BDAC122AEAB9B60004FAF6 /* util */,
				12BDAC0F2AEAB78E0004FAF6 /* viewmodel */,
				12BDAC0E2AEAB7850004FAF6 /* view */,
				12BDAC0D2AEAB7790004FAF6 /* model */,
				12BDAC092AEAB68F0004FAF6 /* newsapi.json */,
				12BDABFD2AEAB2A70004FAF6 /* ContentView.swift */,
				12BDABFB2AEAB2A70004FAF6 /* NewsViewApp.swift */,
				12BDABFF2AEAB2AB0004FAF6 /* Assets.xcassets */,
				12BDAC012AEAB2AB0004FAF6 /* Preview Content */,
			);
			path = NewsView;
			sourceTree = "<group>";
		};
		12BDAC012AEAB2AB0004FAF6 /* Preview Content */ = {
			isa = PBXGroup;
			children = (
				12BDAC022AEAB2AB0004FAF6 /* Preview Assets.xcassets */,
			);
			path = "Preview Content";
			sourceTree = "<group>";
		};
		12BDAC0D2AEAB7790004FAF6 /* model */ = {
			isa = PBXGroup;
			children = (
				12BDAC0B2AEAB6C80004FAF6 /* NewsModel.swift */,
			);
			path = model;
			sourceTree = "<group>";
		};
		12BDAC0E2AEAB7850004FAF6 /* view */ = {
			isa = PBXGroup;
			children = (
				12BDAC1A2AEB4A770004FAF6 /* NewsView.swift */,
				12BDAC202AEB68070004FAF6 /* ExploreView.swift */,
				12BDAC222AEB68800004FAF6 /* FavoritesView.swift */,
				12BDAC292AECCF440004FAF6 /* NewsDetailsView.swift */,
			);
			path = view;
			sourceTree = "<group>";
		};
		12BDAC0F2AEAB78E0004FAF6 /* viewmodel */ = {
			isa = PBXGroup;
			children = (
				12BDAC102AEAB7F40004FAF6 /* NewsViewModel.swift */,
				12BDAC242AEC5A990004FAF6 /* ExploreViewModel.swift */,
				12BDAC302AF057DD0004FAF6 /* FavoritesViewModel.swift */,
			);
			path = viewmodel;
			sourceTree = "<group>";
		};
		12BDAC122AEAB9B60004FAF6 /* util */ = {
			isa = PBXGroup;
			children = (
				12BDAC132AEAB9E20004FAF6 /* Extensions.swift */,
				12BDAC152AEABA270004FAF6 /* Colors.swift */,
				12BDAC1C2AEB569A0004FAF6 /* Dimensions.swift */,
			);
			path = util;
			sourceTree = "<group>";
		};
		12BDAC172AEB47B20004FAF6 /* api */ = {
			isa = PBXGroup;
			children = (
				12BDAC182AEB47C20004FAF6 /* NewsAPI.swift */,
			);
			path = api;
			sourceTree = "<group>";
		};
		12BDAC262AECCA210004FAF6 /* data */ = {
			isa = PBXGroup;
			children = (
				12BDAC272AECCADA0004FAF6 /* SwiftDataModel.swift */,
				12BDAC2E2AEF0B620004FAF6 /* SwiftDataCRUD.swift */,
			);
			path = data;
			sourceTree = "<group>";
		};
		12BDAC2B2AED213C0004FAF6 /* customview */ = {
			isa = PBXGroup;
			children = (
				12BDAC2C2AED215A0004FAF6 /* CustomTabView.swift */,
			);
			path = customview;
			sourceTree = "<group>";
		};
/* End PBXGroup section */

/* Begin PBXNativeTarget section */
		12BDABF72AEAB2A70004FAF6 /* NewsView */ = {
			isa = PBXNativeTarget;
			buildConfigurationList = 12BDAC062AEAB2AB0004FAF6 /* Build configuration list for PBXNativeTarget "NewsView" */;
			buildPhases = (
				12BDABF42AEAB2A70004FAF6 /* Sources */,
				12BDABF52AEAB2A70004FAF6 /* Frameworks */,
				12BDABF62AEAB2A70004FAF6 /* Resources */,
			);
			buildRules = (
			);
			dependencies = (
			);
			name = NewsView;
			productName = NewsView;
			productReference = 12BDABF82AEAB2A70004FAF6 /* NewsView.app */;
			productType = "com.apple.product-type.application";
		};
/* End PBXNativeTarget section */

/* Begin PBXProject section */
		12BDABF02AEAB2A60004FAF6 /* Project object */ = {
			isa = PBXProject;
			attributes = {
				BuildIndependentTargetsInParallel = 1;
				LastSwiftUpdateCheck = 1500;
				LastUpgradeCheck = 1500;
				TargetAttributes = {
					12BDABF72AEAB2A70004FAF6 = {
						CreatedOnToolsVersion = 15.0;
					};
				};
			};
			buildConfigurationList = 12BDABF32AEAB2A60004FAF6 /* Build configuration list for PBXProject "NewsView" */;
			compatibilityVersion = "Xcode 14.0";
			developmentRegion = en;
			hasScannedForEncodings = 0;
			knownRegions = (
				en,
				Base,
			);
			mainGroup = 12BDABEF2AEAB2A60004FAF6;
			productRefGroup = 12BDABF92AEAB2A70004FAF6 /* Products */;
			projectDirPath = "";
			projectRoot = "";
			targets = (
				12BDABF72AEAB2A70004FAF6 /* NewsView */,
			);
		};
/* End PBXProject section */

/* Begin PBXResourcesBuildPhase section */
		12BDABF62AEAB2A70004FAF6 /* Resources */ = {
			isa = PBXResourcesBuildPhase;
			buildActionMask = 2147483647;
			files = (
				12BDAC032AEAB2AB0004FAF6 /* Preview Assets.xcassets in Resources */,
				12BDAC0A2AEAB68F0004FAF6 /* newsapi.json in Resources */,
				12BDAC002AEAB2AB0004FAF6 /* Assets.xcassets in Resources */,
			);
			runOnlyForDeploymentPostprocessing = 0;
		};
/* End PBXResourcesBuildPhase section */

/* Begin PBXSourcesBuildPhase section */
		12BDABF42AEAB2A70004FAF6 /* Sources */ = {
			isa = PBXSourcesBuildPhase;
			buildActionMask = 2147483647;
			files = (
				12BDAC252AEC5A990004FAF6 /* ExploreViewModel.swift in Sources */,
				12BDAC232AEB68800004FAF6 /* FavoritesView.swift in Sources */,
				12BDAC142AEAB9E20004FAF6 /* Extensions.swift in Sources */,
				12BDAC2F2AEF0B620004FAF6 /* SwiftDataCRUD.swift in Sources */,
				12BDAC1B2AEB4A770004FAF6 /* NewsView.swift in Sources */,
				12BDAC162AEABA270004FAF6 /* Colors.swift in Sources */,
				12BDAC282AECCADA0004FAF6 /* SwiftDataModel.swift in Sources */,
				12BDAC312AF057DD0004FAF6 /* FavoritesViewModel.swift in Sources */,
				12BDAC0C2AEAB6C80004FAF6 /* NewsModel.swift in Sources */,
				12BDAC212AEB68070004FAF6 /* ExploreView.swift in Sources */,
				12BDABFE2AEAB2A70004FAF6 /* ContentView.swift in Sources */,
				12BDABFC2AEAB2A70004FAF6 /* NewsViewApp.swift in Sources */,
				12BDAC192AEB47C20004FAF6 /* NewsAPI.swift in Sources */,
				12BDAC112AEAB7F40004FAF6 /* NewsViewModel.swift in Sources */,
				12BDAC2D2AED215A0004FAF6 /* CustomTabView.swift in Sources */,
				12BDAC2A2AECCF440004FAF6 /* NewsDetailsView.swift in Sources */,
				12BDAC1D2AEB569A0004FAF6 /* Dimensions.swift in Sources */,
			);
			runOnlyForDeploymentPostprocessing = 0;
		};
/* End PBXSourcesBuildPhase section */

/* Begin XCBuildConfiguration section */
		12BDAC042AEAB2AB0004FAF6 /* Debug */ = {
			isa = XCBuildConfiguration;
			buildSettings = {
				ALWAYS_SEARCH_USER_PATHS = NO;
				ASSETCATALOG_COMPILER_GENERATE_SWIFT_ASSET_SYMBOL_EXTENSIONS = YES;
				CLANG_ANALYZER_NONNULL = YES;
				CLANG_ANALYZER_NUMBER_OBJECT_CONVERSION = YES_AGGRESSIVE;
				CLANG_CXX_LANGUAGE_STANDARD = "gnu++20";
				CLANG_ENABLE_MODULES = YES;
				CLANG_ENABLE_OBJC_ARC = YES;
				CLANG_ENABLE_OBJC_WEAK = YES;
				CLANG_WARN_BLOCK_CAPTURE_AUTORELEASING = YES;
				CLANG_WARN_BOOL_CONVERSION = YES;
				CLANG_WARN_COMMA = YES;
				CLANG_WARN_CONSTANT_CONVERSION = YES;
				CLANG_WARN_DEPRECATED_OBJC_IMPLEMENTATIONS = YES;
				CLANG_WARN_DIRECT_OBJC_ISA_USAGE = YES_ERROR;
				CLANG_WARN_DOCUMENTATION_COMMENTS = YES;
				CLANG_WARN_EMPTY_BODY = YES;
				CLANG_WARN_ENUM_CONVERSION = YES;
				CLANG_WARN_INFINITE_RECURSION = YES;
				CLANG_WARN_INT_CONVERSION = YES;
				CLANG_WARN_NON_LITERAL_NULL_CONVERSION = YES;
				CLANG_WARN_OBJC_IMPLICIT_RETAIN_SELF = YES;
				CLANG_WARN_OBJC_LITERAL_CONVERSION = YES;
				CLANG_WARN_OBJC_ROOT_CLASS = YES_ERROR;
				CLANG_WARN_QUOTED_INCLUDE_IN_FRAMEWORK_HEADER = YES;
				CLANG_WARN_RANGE_LOOP_ANALYSIS = YES;
				CLANG_WARN_STRICT_PROTOTYPES = YES;
				CLANG_WARN_SUSPICIOUS_MOVE = YES;
				CLANG_WARN_UNGUARDED_AVAILABILITY = YES_AGGRESSIVE;
				CLANG_WARN_UNREACHABLE_CODE = YES;
				CLANG_WARN__DUPLICATE_METHOD_MATCH = YES;
				COPY_PHASE_STRIP = NO;
				DEBUG_INFORMATION_FORMAT = dwarf;
				ENABLE_STRICT_OBJC_MSGSEND = YES;
				ENABLE_TESTABILITY = YES;
				ENABLE_USER_SCRIPT_SANDBOXING = YES;
				GCC_C_LANGUAGE_STANDARD = gnu17;
				GCC_DYNAMIC_NO_PIC = NO;
				GCC_NO_COMMON_BLOCKS = YES;
				GCC_OPTIMIZATION_LEVEL = 0;
				GCC_PREPROCESSOR_DEFINITIONS = (
					"DEBUG=1",
					"$(inherited)",
				);
				GCC_WARN_64_TO_32_BIT_CONVERSION = YES;
				GCC_WARN_ABOUT_RETURN_TYPE = YES_ERROR;
				GCC_WARN_UNDECLARED_SELECTOR = YES;
				GCC_WARN_UNINITIALIZED_AUTOS = YES_AGGRESSIVE;
				GCC_WARN_UNUSED_FUNCTION = YES;
				GCC_WARN_UNUSED_VARIABLE = YES;
				IPHONEOS_DEPLOYMENT_TARGET = 17.0;
				LOCALIZATION_PREFERS_STRING_CATALOGS = YES;
				MTL_ENABLE_DEBUG_INFO = INCLUDE_SOURCE;
				MTL_FAST_MATH = YES;
				ONLY_ACTIVE_ARCH = YES;
				SDKROOT = iphoneos;
				SWIFT_ACTIVE_COMPILATION_CONDITIONS = "DEBUG $(inherited)";
				SWIFT_OPTIMIZATION_LEVEL = "-Onone";
			};
			name = Debug;
		};
		12BDAC052AEAB2AB0004FAF6 /* Release */ = {
			isa = XCBuildConfiguration;
			buildSettings = {
				ALWAYS_SEARCH_USER_PATHS = NO;
				ASSETCATALOG_COMPILER_GENERATE_SWIFT_ASSET_SYMBOL_EXTENSIONS = YES;
				CLANG_ANALYZER_NONNULL = YES;
				CLANG_ANALYZER_NUMBER_OBJECT_CONVERSION = YES_AGGRESSIVE;
				CLANG_CXX_LANGUAGE_STANDARD = "gnu++20";
				CLANG_ENABLE_MODULES = YES;
				CLANG_ENABLE_OBJC_ARC = YES;
				CLANG_ENABLE_OBJC_WEAK = YES;
				CLANG_WARN_BLOCK_CAPTURE_AUTORELEASING = YES;
				CLANG_WARN_BOOL_CONVERSION = YES;
				CLANG_WARN_COMMA = YES;
				CLANG_WARN_CONSTANT_CONVERSION = YES;
				CLANG_WARN_DEPRECATED_OBJC_IMPLEMENTATIONS = YES;
				CLANG_WARN_DIRECT_OBJC_ISA_USAGE = YES_ERROR;
				CLANG_WARN_DOCUMENTATION_COMMENTS = YES;
				CLANG_WARN_EMPTY_BODY = YES;
				CLANG_WARN_ENUM_CONVERSION = YES;
				CLANG_WARN_INFINITE_RECURSION = YES;
				CLANG_WARN_INT_CONVERSION = YES;
				CLANG_WARN_NON_LITERAL_NULL_CONVERSION = YES;
				CLANG_WARN_OBJC_IMPLICIT_RETAIN_SELF = YES;
				CLANG_WARN_OBJC_LITERAL_CONVERSION = YES;
				CLANG_WARN_OBJC_ROOT_CLASS = YES_ERROR;
				CLANG_WARN_QUOTED_INCLUDE_IN_FRAMEWORK_HEADER = YES;
				CLANG_WARN_RANGE_LOOP_ANALYSIS = YES;
				CLANG_WARN_STRICT_PROTOTYPES = YES;
				CLANG_WARN_SUSPICIOUS_MOVE = YES;
				CLANG_WARN_UNGUARDED_AVAILABILITY = YES_AGGRESSIVE;
				CLANG_WARN_UNREACHABLE_CODE = YES;
				CLANG_WARN__DUPLICATE_METHOD_MATCH = YES;
				COPY_PHASE_STRIP = NO;
				DEBUG_INFORMATION_FORMAT = "dwarf-with-dsym";
				ENABLE_NS_ASSERTIONS = NO;
				ENABLE_STRICT_OBJC_MSGSEND = YES;
				ENABLE_USER_SCRIPT_SANDBOXING = YES;
				GCC_C_LANGUAGE_STANDARD = gnu17;
				GCC_NO_COMMON_BLOCKS = YES;
				GCC_WARN_64_TO_32_BIT_CONVERSION = YES;
				GCC_WARN_ABOUT_RETURN_TYPE = YES_ERROR;
				GCC_WARN_UNDECLARED_SELECTOR = YES;
				GCC_WARN_UNINITIALIZED_AUTOS = YES_AGGRESSIVE;
				GCC_WARN_UNUSED_FUNCTION = YES;
				GCC_WARN_UNUSED_VARIABLE = YES;
				IPHONEOS_DEPLOYMENT_TARGET = 17.0;
				LOCALIZATION_PREFERS_STRING_CATALOGS = YES;
				MTL_ENABLE_DEBUG_INFO = NO;
				MTL_FAST_MATH = YES;
				SDKROOT = iphoneos;
				SWIFT_COMPILATION_MODE = wholemodule;
				VALIDATE_PRODUCT = YES;
			};
			name = Release;
		};
		12BDAC072AEAB2AB0004FAF6 /* Debug */ = {
			isa = XCBuildConfiguration;
			buildSettings = {
				ASSETCATALOG_COMPILER_APPICON_NAME = AppIcon;
				ASSETCATALOG_COMPILER_GLOBAL_ACCENT_COLOR_NAME = AccentColor;
				CODE_SIGN_STYLE = Automatic;
				CURRENT_PROJECT_VERSION = 1;
				DEVELOPMENT_ASSET_PATHS = "\"NewsView/Preview Content\"";
				DEVELOPMENT_TEAM = H3VH25TQU4;
				ENABLE_PREVIEWS = YES;
				GENERATE_INFOPLIST_FILE = YES;
				INFOPLIST_KEY_UIApplicationSceneManifest_Generation = YES;
				INFOPLIST_KEY_UIApplicationSupportsIndirectInputEvents = YES;
				INFOPLIST_KEY_UILaunchScreen_Generation = YES;
				INFOPLIST_KEY_UISupportedInterfaceOrientations_iPad = "UIInterfaceOrientationPortrait UIInterfaceOrientationPortraitUpsideDown UIInterfaceOrientationLandscapeLeft UIInterfaceOrientationLandscapeRight";
				INFOPLIST_KEY_UISupportedInterfaceOrientations_iPhone = "UIInterfaceOrientationPortrait UIInterfaceOrientationLandscapeLeft UIInterfaceOrientationLandscapeRight";
				LD_RUNPATH_SEARCH_PATHS = (
					"$(inherited)",
					"@executable_path/Frameworks",
				);
				MARKETING_VERSION = 1.0;
				PRODUCT_BUNDLE_IDENTIFIER = com.ss.NewsView;
				PRODUCT_NAME = "$(TARGET_NAME)";
				SWIFT_EMIT_LOC_STRINGS = YES;
				SWIFT_VERSION = 5.0;
				TARGETED_DEVICE_FAMILY = "1,2";
			};
			name = Debug;
		};
		12BDAC082AEAB2AB0004FAF6 /* Release */ = {
			isa = XCBuildConfiguration;
			buildSettings = {
				ASSETCATALOG_COMPILER_APPICON_NAME = AppIcon;
				ASSETCATALOG_COMPILER_GLOBAL_ACCENT_COLOR_NAME = AccentColor;
				CODE_SIGN_STYLE = Automatic;
				CURRENT_PROJECT_VERSION = 1;
				DEVELOPMENT_ASSET_PATHS = "\"NewsView/Preview Content\"";
				DEVELOPMENT_TEAM = H3VH25TQU4;
				ENABLE_PREVIEWS = YES;
				GENERATE_INFOPLIST_FILE = YES;
				INFOPLIST_KEY_UIApplicationSceneManifest_Generation = YES;
				INFOPLIST_KEY_UIApplicationSupportsIndirectInputEvents = YES;
				INFOPLIST_KEY_UILaunchScreen_Generation = YES;
				INFOPLIST_KEY_UISupportedInterfaceOrientations_iPad = "UIInterfaceOrientationPortrait UIInterfaceOrientationPortraitUpsideDown UIInterfaceOrientationLandscapeLeft UIInterfaceOrientationLandscapeRight";
				INFOPLIST_KEY_UISupportedInterfaceOrientations_iPhone = "UIInterfaceOrientationPortrait UIInterfaceOrientationLandscapeLeft UIInterfaceOrientationLandscapeRight";
				LD_RUNPATH_SEARCH_PATHS = (
					"$(inherited)",
					"@executable_path/Frameworks",
				);
				MARKETING_VERSION = 1.0;
				PRODUCT_BUNDLE_IDENTIFIER = com.ss.NewsView;
				PRODUCT_NAME = "$(TARGET_NAME)";
				SWIFT_EMIT_LOC_STRINGS = YES;
				SWIFT_VERSION = 5.0;
				TARGETED_DEVICE_FAMILY = "1,2";
			};
			name = Release;
		};
/* End XCBuildConfiguration section */

/* Begin XCConfigurationList section */
		12BDABF32AEAB2A60004FAF6 /* Build configuration list for PBXProject "NewsView" */ = {
			isa = XCConfigurationList;
			buildConfigurations = (
				12BDAC042AEAB2AB0004FAF6 /* Debug */,
				12BDAC052AEAB2AB0004FAF6 /* Release */,
			);
			defaultConfigurationIsVisible = 0;
			defaultConfigurationName = Release;
		};
		12BDAC062AEAB2AB0004FAF6 /* Build configuration list for PBXNativeTarget "NewsView" */ = {
			isa = XCConfigurationList;
			buildConfigurations = (
				12BDAC072AEAB2AB0004FAF6 /* Debug */,
				12BDAC082AEAB2AB0004FAF6 /* Release */,
			);
			defaultConfigurationIsVisible = 0;
			defaultConfigurationName = Release;
		};
/* End XCConfigurationList section */
	};
	rootObject = 12BDABF02AEAB2A60004FAF6 /* Project object */;
}
